// !$*UTF8*$!
{
	archiveVersion = 1;
	classes = {
	};
	objectVersion = 51;
	objects = {

/* Begin PBXBuildFile section */
		12C1FD1A23B481B5008084F8 /* AppDelegate.swift in Sources */ = {isa = PBXBuildFile; fileRef = 12C1FD1923B481B5008084F8 /* AppDelegate.swift */; };
		12C1FD1C23B481B5008084F8 /* ViewController.swift in Sources */ = {isa = PBXBuildFile; fileRef = 12C1FD1B23B481B5008084F8 /* ViewController.swift */; };
		12C1FD1F23B481B5008084F8 /* Main.storyboard in Resources */ = {isa = PBXBuildFile; fileRef = 12C1FD1D23B481B5008084F8 /* Main.storyboard */; };
		12C1FD2123B481B6008084F8 /* Assets.xcassets in Resources */ = {isa = PBXBuildFile; fileRef = 12C1FD2023B481B6008084F8 /* Assets.xcassets */; };
		12C1FD2423B481B6008084F8 /* LaunchScreen.storyboard in Resources */ = {isa = PBXBuildFile; fileRef = 12C1FD2223B481B6008084F8 /* LaunchScreen.storyboard */; };
		12C1FD2F23B481B6008084F8 /* NearByAppTests.swift in Sources */ = {isa = PBXBuildFile; fileRef = 12C1FD2E23B481B6008084F8 /* NearByAppTests.swift */; };
		12C1FD3A23B481B6008084F8 /* NearByAppUITests.swift in Sources */ = {isa = PBXBuildFile; fileRef = 12C1FD3923B481B6008084F8 /* NearByAppUITests.swift */; };
		12C1FD7923B485D3008084F8 /* Constants.swift in Sources */ = {isa = PBXBuildFile; fileRef = 12C1FD5523B485D1008084F8 /* Constants.swift */; };
		12C1FD7A23B485D3008084F8 /* Utility.swift in Sources */ = {isa = PBXBuildFile; fileRef = 12C1FD5623B485D1008084F8 /* Utility.swift */; };
		12C1FD7B23B485D3008084F8 /* VVBaseUserDefaults.swift in Sources */ = {isa = PBXBuildFile; fileRef = 12C1FD5723B485D1008084F8 /* VVBaseUserDefaults.swift */; };
		12C1FD7C23B485D3008084F8 /* APIConstant.swift in Sources */ = {isa = PBXBuildFile; fileRef = 12C1FD5923B485D2008084F8 /* APIConstant.swift */; };
		12C1FD7D23B485D3008084F8 /* BaseAPI.swift in Sources */ = {isa = PBXBuildFile; fileRef = 12C1FD5A23B485D2008084F8 /* BaseAPI.swift */; };
		12C1FD7E23B485D3008084F8 /* BaseRestAPI.swift in Sources */ = {isa = PBXBuildFile; fileRef = 12C1FD5B23B485D2008084F8 /* BaseRestAPI.swift */; };
		12C1FD7F23B485D3008084F8 /* NearByClientAPI.swift in Sources */ = {isa = PBXBuildFile; fileRef = 12C1FD5C23B485D2008084F8 /* NearByClientAPI.swift */; };
		12C1FD8023B485D3008084F8 /* SSError.swift in Sources */ = {isa = PBXBuildFile; fileRef = 12C1FD5D23B485D2008084F8 /* SSError.swift */; };
		12C1FD8123B485D3008084F8 /* NearByPlacesResponse.swift in Sources */ = {isa = PBXBuildFile; fileRef = 12C1FD6023B485D2008084F8 /* NearByPlacesResponse.swift */; };
		12C1FD8223B485D3008084F8 /* PhotosResponse.swift in Sources */ = {isa = PBXBuildFile; fileRef = 12C1FD6123B485D2008084F8 /* PhotosResponse.swift */; };
		12C1FD8323B485D3008084F8 /* EVModelModified.swift in Sources */ = {isa = PBXBuildFile; fileRef = 12C1FD6223B485D2008084F8 /* EVModelModified.swift */; };
		12C1FD8423B485D3008084F8 /* BaseImageViewWithData.swift in Sources */ = {isa = PBXBuildFile; fileRef = 12C1FD6423B485D2008084F8 /* BaseImageViewWithData.swift */; };
		12C1FD8523B485D3008084F8 /* BaseViewController.swift in Sources */ = {isa = PBXBuildFile; fileRef = 12C1FD6523B485D2008084F8 /* BaseViewController.swift */; };
		12C1FD8623B485D3008084F8 /* SimpleItemClickDelegate.swift in Sources */ = {isa = PBXBuildFile; fileRef = 12C1FD6723B485D2008084F8 /* SimpleItemClickDelegate.swift */; };
		12C1FD8723B485D3008084F8 /* HomeViewController.swift in Sources */ = {isa = PBXBuildFile; fileRef = 12C1FD6A23B485D3008084F8 /* HomeViewController.swift */; };
		12C1FD8823B485D3008084F8 /* HomeViewController.xib in Resources */ = {isa = PBXBuildFile; fileRef = 12C1FD6B23B485D3008084F8 /* HomeViewController.xib */; };
		12C1FD8923B485D3008084F8 /* VenueCell.swift in Sources */ = {isa = PBXBuildFile; fileRef = 12C1FD6C23B485D3008084F8 /* VenueCell.swift */; };
		12C1FD8A23B485D3008084F8 /* VenueCell.xib in Resources */ = {isa = PBXBuildFile; fileRef = 12C1FD6D23B485D3008084F8 /* VenueCell.xib */; };
		12C1FD9723B4884A008084F8 /* CustomPointAnnotation.swift in Sources */ = {isa = PBXBuildFile; fileRef = 12C1FD9423B48849008084F8 /* CustomPointAnnotation.swift */; };
		12C1FD9823B4884A008084F8 /* NoInternetView.xib in Resources */ = {isa = PBXBuildFile; fileRef = 12C1FD9523B4884A008084F8 /* NoInternetView.xib */; };
		12C1FD9923B4884A008084F8 /* NoInternetView.swift in Sources */ = {isa = PBXBuildFile; fileRef = 12C1FD9623B4884A008084F8 /* NoInternetView.swift */; };
		12C1FD9C23B48AF9008084F8 /* Fonts.swift in Sources */ = {isa = PBXBuildFile; fileRef = 12C1FD9B23B48AF9008084F8 /* Fonts.swift */; };
		BDB0B5E64EFBFF574F4BCC53 /* Pods_NearByApp.framework in Frameworks */ = {isa = PBXBuildFile; fileRef = 545EEFEEA3FF6C0A87410581 /* Pods_NearByApp.framework */; };
/* End PBXBuildFile section */

/* Begin PBXContainerItemProxy section */
		12C1FD2B23B481B6008084F8 /* PBXContainerItemProxy */ = {
			isa = PBXContainerItemProxy;
			containerPortal = 12C1FD0E23B481B4008084F8 /* Project object */;
			proxyType = 1;
			remoteGlobalIDString = 12C1FD1523B481B4008084F8;
			remoteInfo = NearByApp;
		};
		12C1FD3623B481B6008084F8 /* PBXContainerItemProxy */ = {
			isa = PBXContainerItemProxy;
			containerPortal = 12C1FD0E23B481B4008084F8 /* Project object */;
			proxyType = 1;
			remoteGlobalIDString = 12C1FD1523B481B4008084F8;
			remoteInfo = NearByApp;
		};
/* End PBXContainerItemProxy section */

/* Begin PBXFileReference section */
		12C1FD1623B481B5008084F8 /* NearByApp.app */ = {isa = PBXFileReference; explicitFileType = wrapper.application; includeInIndex = 0; path = NearByApp.app; sourceTree = BUILT_PRODUCTS_DIR; };
		12C1FD1923B481B5008084F8 /* AppDelegate.swift */ = {isa = PBXFileReference; lastKnownFileType = sourcecode.swift; path = AppDelegate.swift; sourceTree = "<group>"; };
		12C1FD1B23B481B5008084F8 /* ViewController.swift */ = {isa = PBXFileReference; lastKnownFileType = sourcecode.swift; path = ViewController.swift; sourceTree = "<group>"; };
		12C1FD1E23B481B5008084F8 /* Base */ = {isa = PBXFileReference; lastKnownFileType = file.storyboard; name = Base; path = Base.lproj/Main.storyboard; sourceTree = "<group>"; };
		12C1FD2023B481B6008084F8 /* Assets.xcassets */ = {isa = PBXFileReference; lastKnownFileType = folder.assetcatalog; path = Assets.xcassets; sourceTree = "<group>"; };
		12C1FD2323B481B6008084F8 /* Base */ = {isa = PBXFileReference; lastKnownFileType = file.storyboard; name = Base; path = Base.lproj/LaunchScreen.storyboard; sourceTree = "<group>"; };
		12C1FD2523B481B6008084F8 /* Info.plist */ = {isa = PBXFileReference; lastKnownFileType = text.plist.xml; path = Info.plist; sourceTree = "<group>"; };
		12C1FD2A23B481B6008084F8 /* NearByAppTests.xctest */ = {isa = PBXFileReference; explicitFileType = wrapper.cfbundle; includeInIndex = 0; path = NearByAppTests.xctest; sourceTree = BUILT_PRODUCTS_DIR; };
		12C1FD2E23B481B6008084F8 /* NearByAppTests.swift */ = {isa = PBXFileReference; lastKnownFileType = sourcecode.swift; path = NearByAppTests.swift; sourceTree = "<group>"; };
		12C1FD3023B481B6008084F8 /* Info.plist */ = {isa = PBXFileReference; lastKnownFileType = text.plist.xml; path = Info.plist; sourceTree = "<group>"; };
		12C1FD3523B481B6008084F8 /* NearByAppUITests.xctest */ = {isa = PBXFileReference; explicitFileType = wrapper.cfbundle; includeInIndex = 0; path = NearByAppUITests.xctest; sourceTree = BUILT_PRODUCTS_DIR; };
		12C1FD3923B481B6008084F8 /* NearByAppUITests.swift */ = {isa = PBXFileReference; lastKnownFileType = sourcecode.swift; path = NearByAppUITests.swift; sourceTree = "<group>"; };
		12C1FD3B23B481B6008084F8 /* Info.plist */ = {isa = PBXFileReference; lastKnownFileType = text.plist.xml; path = Info.plist; sourceTree = "<group>"; };
		12C1FD5523B485D1008084F8 /* Constants.swift */ = {isa = PBXFileReference; fileEncoding = 4; lastKnownFileType = sourcecode.swift; path = Constants.swift; sourceTree = "<group>"; };
		12C1FD5623B485D1008084F8 /* Utility.swift */ = {isa = PBXFileReference; fileEncoding = 4; lastKnownFileType = sourcecode.swift; path = Utility.swift; sourceTree = "<group>"; };
		12C1FD5723B485D1008084F8 /* VVBaseUserDefaults.swift */ = {isa = PBXFileReference; fileEncoding = 4; lastKnownFileType = sourcecode.swift; path = VVBaseUserDefaults.swift; sourceTree = "<group>"; };
		12C1FD5923B485D2008084F8 /* APIConstant.swift */ = {isa = PBXFileReference; fileEncoding = 4; lastKnownFileType = sourcecode.swift; path = APIConstant.swift; sourceTree = "<group>"; };
		12C1FD5A23B485D2008084F8 /* BaseAPI.swift */ = {isa = PBXFileReference; fileEncoding = 4; lastKnownFileType = sourcecode.swift; path = BaseAPI.swift; sourceTree = "<group>"; };
		12C1FD5B23B485D2008084F8 /* BaseRestAPI.swift */ = {isa = PBXFileReference; fileEncoding = 4; lastKnownFileType = sourcecode.swift; path = BaseRestAPI.swift; sourceTree = "<group>"; };
		12C1FD5C23B485D2008084F8 /* NearByClientAPI.swift */ = {isa = PBXFileReference; fileEncoding = 4; lastKnownFileType = sourcecode.swift; path = NearByClientAPI.swift; sourceTree = "<group>"; };
		12C1FD5D23B485D2008084F8 /* SSError.swift */ = {isa = PBXFileReference; fileEncoding = 4; lastKnownFileType = sourcecode.swift; path = SSError.swift; sourceTree = "<group>"; };
		12C1FD6023B485D2008084F8 /* NearByPlacesResponse.swift */ = {isa = PBXFileReference; fileEncoding = 4; lastKnownFileType = sourcecode.swift; path = NearByPlacesResponse.swift; sourceTree = "<group>"; };
		12C1FD6123B485D2008084F8 /* PhotosResponse.swift */ = {isa = PBXFileReference; fileEncoding = 4; lastKnownFileType = sourcecode.swift; path = PhotosResponse.swift; sourceTree = "<group>"; };
		12C1FD6223B485D2008084F8 /* EVModelModified.swift */ = {isa = PBXFileReference; fileEncoding = 4; lastKnownFileType = sourcecode.swift; path = EVModelModified.swift; sourceTree = "<group>"; };
		12C1FD6423B485D2008084F8 /* BaseImageViewWithData.swift */ = {isa = PBXFileReference; fileEncoding = 4; lastKnownFileType = sourcecode.swift; path = BaseImageViewWithData.swift; sourceTree = "<group>"; };
		12C1FD6523B485D2008084F8 /* BaseViewController.swift */ = {isa = PBXFileReference; fileEncoding = 4; lastKnownFileType = sourcecode.swift; path = BaseViewController.swift; sourceTree = "<group>"; };
		12C1FD6723B485D2008084F8 /* SimpleItemClickDelegate.swift */ = {isa = PBXFileReference; fileEncoding = 4; lastKnownFileType = sourcecode.swift; path = SimpleItemClickDelegate.swift; sourceTree = "<group>"; };
		12C1FD6A23B485D3008084F8 /* HomeViewController.swift */ = {isa = PBXFileReference; fileEncoding = 4; lastKnownFileType = sourcecode.swift; path = HomeViewController.swift; sourceTree = "<group>"; };
		12C1FD6B23B485D3008084F8 /* HomeViewController.xib */ = {isa = PBXFileReference; fileEncoding = 4; lastKnownFileType = file.xib; path = HomeViewController.xib; sourceTree = "<group>"; };
		12C1FD6C23B485D3008084F8 /* VenueCell.swift */ = {isa = PBXFileReference; fileEncoding = 4; lastKnownFileType = sourcecode.swift; path = VenueCell.swift; sourceTree = "<group>"; };
		12C1FD6D23B485D3008084F8 /* VenueCell.xib */ = {isa = PBXFileReference; fileEncoding = 4; lastKnownFileType = file.xib; path = VenueCell.xib; sourceTree = "<group>"; };
		12C1FD9423B48849008084F8 /* CustomPointAnnotation.swift */ = {isa = PBXFileReference; fileEncoding = 4; lastKnownFileType = sourcecode.swift; path = CustomPointAnnotation.swift; sourceTree = "<group>"; };
		12C1FD9523B4884A008084F8 /* NoInternetView.xib */ = {isa = PBXFileReference; fileEncoding = 4; lastKnownFileType = file.xib; path = NoInternetView.xib; sourceTree = "<group>"; };
		12C1FD9623B4884A008084F8 /* NoInternetView.swift */ = {isa = PBXFileReference; fileEncoding = 4; lastKnownFileType = sourcecode.swift; path = NoInternetView.swift; sourceTree = "<group>"; };
		12C1FD9B23B48AF9008084F8 /* Fonts.swift */ = {isa = PBXFileReference; fileEncoding = 4; lastKnownFileType = sourcecode.swift; path = Fonts.swift; sourceTree = "<group>"; };
		40FDCB9B5043BEF006111F43 /* Pods-NearByApp.release.xcconfig */ = {isa = PBXFileReference; includeInIndex = 1; lastKnownFileType = text.xcconfig; name = "Pods-NearByApp.release.xcconfig"; path = "Target Support Files/Pods-NearByApp/Pods-NearByApp.release.xcconfig"; sourceTree = "<group>"; };
		545EEFEEA3FF6C0A87410581 /* Pods_NearByApp.framework */ = {isa = PBXFileReference; explicitFileType = wrapper.framework; includeInIndex = 0; path = Pods_NearByApp.framework; sourceTree = BUILT_PRODUCTS_DIR; };
		7C34A8FF63A54CCBF1C08346 /* Pods-NearByApp.debug.xcconfig */ = {isa = PBXFileReference; includeInIndex = 1; lastKnownFileType = text.xcconfig; name = "Pods-NearByApp.debug.xcconfig"; path = "Target Support Files/Pods-NearByApp/Pods-NearByApp.debug.xcconfig"; sourceTree = "<group>"; };
/* End PBXFileReference section */

/* Begin PBXFrameworksBuildPhase section */
		12C1FD1323B481B4008084F8 /* Frameworks */ = {
			isa = PBXFrameworksBuildPhase;
			buildActionMask = 2147483647;
			files = (
				BDB0B5E64EFBFF574F4BCC53 /* Pods_NearByApp.framework in Frameworks */,
			);
			runOnlyForDeploymentPostprocessing = 0;
		};
		12C1FD2723B481B6008084F8 /* Frameworks */ = {
			isa = PBXFrameworksBuildPhase;
			buildActionMask = 2147483647;
			files = (
			);
			runOnlyForDeploymentPostprocessing = 0;
		};
		12C1FD3223B481B6008084F8 /* Frameworks */ = {
			isa = PBXFrameworksBuildPhase;
			buildActionMask = 2147483647;
			files = (
			);
			runOnlyForDeploymentPostprocessing = 0;
		};
/* End PBXFrameworksBuildPhase section */

/* Begin PBXGroup section */
		12C1FD0D23B481B4008084F8 = {
			isa = PBXGroup;
			children = (
				12C1FD1823B481B5008084F8 /* NearByApp */,
				12C1FD2D23B481B6008084F8 /* NearByAppTests */,
				12C1FD3823B481B6008084F8 /* NearByAppUITests */,
				12C1FD1723B481B5008084F8 /* Products */,
				E12922F26D0ED586ED931201 /* Pods */,
				2F9C931237195303C871A26A /* Frameworks */,
			);
			sourceTree = "<group>";
		};
		12C1FD1723B481B5008084F8 /* Products */ = {
			isa = PBXGroup;
			children = (
				12C1FD1623B481B5008084F8 /* NearByApp.app */,
				12C1FD2A23B481B6008084F8 /* NearByAppTests.xctest */,
				12C1FD3523B481B6008084F8 /* NearByAppUITests.xctest */,
			);
			name = Products;
			sourceTree = "<group>";
		};
		12C1FD1823B481B5008084F8 /* NearByApp */ = {
			isa = PBXGroup;
			children = (
				12C1FD9A23B48AF9008084F8 /* Fonts */,
				12C1FD5823B485D2008084F8 /* APIs */,
				12C1FD6323B485D2008084F8 /* BaseViewController */,
				12C1FD5423B485D1008084F8 /* Constant */,
				12C1FD5E23B485D2008084F8 /* Model */,
				12C1FD6623B485D2008084F8 /* Protocols */,
				12C1FD6823B485D3008084F8 /* ViewControllers */,
				12C1FD1923B481B5008084F8 /* AppDelegate.swift */,
				12C1FD1B23B481B5008084F8 /* ViewController.swift */,
				12C1FD1D23B481B5008084F8 /* Main.storyboard */,
				12C1FD2023B481B6008084F8 /* Assets.xcassets */,
				12C1FD2223B481B6008084F8 /* LaunchScreen.storyboard */,
				12C1FD2523B481B6008084F8 /* Info.plist */,
			);
			path = NearByApp;
			sourceTree = "<group>";
		};
		12C1FD2D23B481B6008084F8 /* NearByAppTests */ = {
			isa = PBXGroup;
			children = (
				12C1FD2E23B481B6008084F8 /* NearByAppTests.swift */,
				12C1FD3023B481B6008084F8 /* Info.plist */,
			);
			path = NearByAppTests;
			sourceTree = "<group>";
		};
		12C1FD3823B481B6008084F8 /* NearByAppUITests */ = {
			isa = PBXGroup;
			children = (
				12C1FD3923B481B6008084F8 /* NearByAppUITests.swift */,
				12C1FD3B23B481B6008084F8 /* Info.plist */,
			);
			path = NearByAppUITests;
			sourceTree = "<group>";
		};
		12C1FD5423B485D1008084F8 /* Constant */ = {
			isa = PBXGroup;
			children = (
				12C1FD5523B485D1008084F8 /* Constants.swift */,
				12C1FD5623B485D1008084F8 /* Utility.swift */,
				12C1FD5723B485D1008084F8 /* VVBaseUserDefaults.swift */,
			);
			path = Constant;
			sourceTree = "<group>";
		};
		12C1FD5823B485D2008084F8 /* APIs */ = {
			isa = PBXGroup;
			children = (
				12C1FD5923B485D2008084F8 /* APIConstant.swift */,
				12C1FD5A23B485D2008084F8 /* BaseAPI.swift */,
				12C1FD5B23B485D2008084F8 /* BaseRestAPI.swift */,
				12C1FD5C23B485D2008084F8 /* NearByClientAPI.swift */,
				12C1FD5D23B485D2008084F8 /* SSError.swift */,
			);
			path = APIs;
			sourceTree = "<group>";
		};
		12C1FD5E23B485D2008084F8 /* Model */ = {
			isa = PBXGroup;
			children = (
				12C1FD5F23B485D2008084F8 /* NearByModel */,
				12C1FD6223B485D2008084F8 /* EVModelModified.swift */,
			);
			path = Model;
			sourceTree = "<group>";
		};
		12C1FD5F23B485D2008084F8 /* NearByModel */ = {
			isa = PBXGroup;
			children = (
				12C1FD6023B485D2008084F8 /* NearByPlacesResponse.swift */,
				12C1FD6123B485D2008084F8 /* PhotosResponse.swift */,
			);
			path = NearByModel;
			sourceTree = "<group>";
		};
		12C1FD6323B485D2008084F8 /* BaseViewController */ = {
			isa = PBXGroup;
			children = (
				12C1FD9423B48849008084F8 /* CustomPointAnnotation.swift */,
				12C1FD9623B4884A008084F8 /* NoInternetView.swift */,
				12C1FD9523B4884A008084F8 /* NoInternetView.xib */,
				12C1FD6423B485D2008084F8 /* BaseImageViewWithData.swift */,
				12C1FD6523B485D2008084F8 /* BaseViewController.swift */,
			);
			path = BaseViewController;
			sourceTree = "<group>";
		};
		12C1FD6623B485D2008084F8 /* Protocols */ = {
			isa = PBXGroup;
			children = (
				12C1FD6723B485D2008084F8 /* SimpleItemClickDelegate.swift */,
			);
			path = Protocols;
			sourceTree = "<group>";
		};
		12C1FD6823B485D3008084F8 /* ViewControllers */ = {
			isa = PBXGroup;
			children = (
				12C1FD6923B485D3008084F8 /* HomeView */,
			);
			path = ViewControllers;
			sourceTree = "<group>";
		};
		12C1FD6923B485D3008084F8 /* HomeView */ = {
			isa = PBXGroup;
			children = (
				12C1FD6A23B485D3008084F8 /* HomeViewController.swift */,
				12C1FD6B23B485D3008084F8 /* HomeViewController.xib */,
				12C1FD6C23B485D3008084F8 /* VenueCell.swift */,
				12C1FD6D23B485D3008084F8 /* VenueCell.xib */,
			);
			path = HomeView;
			sourceTree = "<group>";
		};
		12C1FD9A23B48AF9008084F8 /* Fonts */ = {
			isa = PBXGroup;
			children = (
				12C1FD9B23B48AF9008084F8 /* Fonts.swift */,
			);
			path = Fonts;
			sourceTree = "<group>";
		};
		2F9C931237195303C871A26A /* Frameworks */ = {
			isa = PBXGroup;
			children = (
				545EEFEEA3FF6C0A87410581 /* Pods_NearByApp.framework */,
			);
			name = Frameworks;
			sourceTree = "<group>";
		};
		E12922F26D0ED586ED931201 /* Pods */ = {
			isa = PBXGroup;
			children = (
				7C34A8FF63A54CCBF1C08346 /* Pods-NearByApp.debug.xcconfig */,
				40FDCB9B5043BEF006111F43 /* Pods-NearByApp.release.xcconfig */,
			);
			path = Pods;
			sourceTree = "<group>";
		};
/* End PBXGroup section */

/* Begin PBXNativeTarget section */
		12C1FD1523B481B4008084F8 /* NearByApp */ = {
			isa = PBXNativeTarget;
			buildConfigurationList = 12C1FD3E23B481B6008084F8 /* Build configuration list for PBXNativeTarget "NearByApp" */;
			buildPhases = (
				68FB8DA462E9E136B4D1A51D /* [CP] Check Pods Manifest.lock */,
				12C1FD1223B481B4008084F8 /* Sources */,
				12C1FD1323B481B4008084F8 /* Frameworks */,
				12C1FD1423B481B4008084F8 /* Resources */,
				CE5F9C3CC9136861B5965E64 /* [CP] Embed Pods Frameworks */,
			);
			buildRules = (
			);
			dependencies = (
			);
			name = NearByApp;
			productName = NearByApp;
			productReference = 12C1FD1623B481B5008084F8 /* NearByApp.app */;
			productType = "com.apple.product-type.application";
		};
		12C1FD2923B481B6008084F8 /* NearByAppTests */ = {
			isa = PBXNativeTarget;
			buildConfigurationList = 12C1FD4123B481B6008084F8 /* Build configuration list for PBXNativeTarget "NearByAppTests" */;
			buildPhases = (
				12C1FD2623B481B6008084F8 /* Sources */,
				12C1FD2723B481B6008084F8 /* Frameworks */,
				12C1FD2823B481B6008084F8 /* Resources */,
			);
			buildRules = (
			);
			dependencies = (
				12C1FD2C23B481B6008084F8 /* PBXTargetDependency */,
			);
			name = NearByAppTests;
			productName = NearByAppTests;
			productReference = 12C1FD2A23B481B6008084F8 /* NearByAppTests.xctest */;
			productType = "com.apple.product-type.bundle.unit-test";
		};
		12C1FD3423B481B6008084F8 /* NearByAppUITests */ = {
			isa = PBXNativeTarget;
			buildConfigurationList = 12C1FD4423B481B6008084F8 /* Build configuration list for PBXNativeTarget "NearByAppUITests" */;
			buildPhases = (
				12C1FD3123B481B6008084F8 /* Sources */,
				12C1FD3223B481B6008084F8 /* Frameworks */,
				12C1FD3323B481B6008084F8 /* Resources */,
			);
			buildRules = (
			);
			dependencies = (
				12C1FD3723B481B6008084F8 /* PBXTargetDependency */,
			);
			name = NearByAppUITests;
			productName = NearByAppUITests;
			productReference = 12C1FD3523B481B6008084F8 /* NearByAppUITests.xctest */;
			productType = "com.apple.product-type.bundle.ui-testing";
		};
/* End PBXNativeTarget section */

/* Begin PBXProject section */
		12C1FD0E23B481B4008084F8 /* Project object */ = {
			isa = PBXProject;
			attributes = {
				LastSwiftUpdateCheck = 1020;
				LastUpgradeCheck = 1020;
				ORGANIZATIONNAME = "Muhammad Sayed";
				TargetAttributes = {
					12C1FD1523B481B4008084F8 = {
						CreatedOnToolsVersion = 10.2.1;
					};
					12C1FD2923B481B6008084F8 = {
						CreatedOnToolsVersion = 10.2.1;
						TestTargetID = 12C1FD1523B481B4008084F8;
					};
					12C1FD3423B481B6008084F8 = {
						CreatedOnToolsVersion = 10.2.1;
						TestTargetID = 12C1FD1523B481B4008084F8;
					};
				};
			};
			buildConfigurationList = 12C1FD1123B481B4008084F8 /* Build configuration list for PBXProject "NearByApp" */;
			compatibilityVersion = "Xcode 9.3";
			developmentRegion = en;
			hasScannedForEncodings = 0;
			knownRegions = (
				en,
				Base,
			);
			mainGroup = 12C1FD0D23B481B4008084F8;
			productRefGroup = 12C1FD1723B481B5008084F8 /* Products */;
			projectDirPath = "";
			projectRoot = "";
			targets = (
				12C1FD1523B481B4008084F8 /* NearByApp */,
				12C1FD2923B481B6008084F8 /* NearByAppTests */,
				12C1FD3423B481B6008084F8 /* NearByAppUITests */,
			);
		};
/* End PBXProject section */

/* Begin PBXResourcesBuildPhase section */
		12C1FD1423B481B4008084F8 /* Resources */ = {
			isa = PBXResourcesBuildPhase;
			buildActionMask = 2147483647;
			files = (
				12C1FD9823B4884A008084F8 /* NoInternetView.xib in Resources */,
				12C1FD2423B481B6008084F8 /* LaunchScreen.storyboard in Resources */,
				12C1FD8A23B485D3008084F8 /* VenueCell.xib in Resources */,
				12C1FD2123B481B6008084F8 /* Assets.xcassets in Resources */,
				12C1FD1F23B481B5008084F8 /* Main.storyboard in Resources */,
				12C1FD8823B485D3008084F8 /* HomeViewController.xib in Resources */,
			);
			runOnlyForDeploymentPostprocessing = 0;
		};
		12C1FD2823B481B6008084F8 /* Resources */ = {
			isa = PBXResourcesBuildPhase;
			buildActionMask = 2147483647;
			files = (
			);
			runOnlyForDeploymentPostprocessing = 0;
		};
		12C1FD3323B481B6008084F8 /* Resources */ = {
			isa = PBXResourcesBuildPhase;
			buildActionMask = 2147483647;
			files = (
			);
			runOnlyForDeploymentPostprocessing = 0;
		};
/* End PBXResourcesBuildPhase section */

/* Begin PBXShellScriptBuildPhase section */
		68FB8DA462E9E136B4D1A51D /* [CP] Check Pods Manifest.lock */ = {
			isa = PBXShellScriptBuildPhase;
			buildActionMask = 2147483647;
			files = (
			);
			inputFileListPaths = (
			);
			inputPaths = (
				"${PODS_PODFILE_DIR_PATH}/Podfile.lock",
				"${PODS_ROOT}/Manifest.lock",
			);
			name = "[CP] Check Pods Manifest.lock";
			outputFileListPaths = (
			);
			outputPaths = (
				"$(DERIVED_FILE_DIR)/Pods-NearByApp-checkManifestLockResult.txt",
			);
			runOnlyForDeploymentPostprocessing = 0;
			shellPath = /bin/sh;
			shellScript = "diff \"${PODS_PODFILE_DIR_PATH}/Podfile.lock\" \"${PODS_ROOT}/Manifest.lock\" > /dev/null\nif [ $? != 0 ] ; then\n    # print error to STDERR\n    echo \"error: The sandbox is not in sync with the Podfile.lock. Run 'pod install' or update your CocoaPods installation.\" >&2\n    exit 1\nfi\n# This output is used by Xcode 'outputs' to avoid re-running this script phase.\necho \"SUCCESS\" > \"${SCRIPT_OUTPUT_FILE_0}\"\n";
			showEnvVarsInLog = 0;
		};
		CE5F9C3CC9136861B5965E64 /* [CP] Embed Pods Frameworks */ = {
			isa = PBXShellScriptBuildPhase;
			buildActionMask = 2147483647;
			files = (
			);
			inputFileListPaths = (
				"${PODS_ROOT}/Target Support Files/Pods-NearByApp/Pods-NearByApp-frameworks-${CONFIGURATION}-input-files.xcfilelist",
			);
			name = "[CP] Embed Pods Frameworks";
			outputFileListPaths = (
				"${PODS_ROOT}/Target Support Files/Pods-NearByApp/Pods-NearByApp-frameworks-${CONFIGURATION}-output-files.xcfilelist",
			);
			runOnlyForDeploymentPostprocessing = 0;
			shellPath = /bin/sh;
			shellScript = "\"${PODS_ROOT}/Target Support Files/Pods-NearByApp/Pods-NearByApp-frameworks.sh\"\n";
			showEnvVarsInLog = 0;
		};
/* End PBXShellScriptBuildPhase section */

/* Begin PBXSourcesBuildPhase section */
		12C1FD1223B481B4008084F8 /* Sources */ = {
			isa = PBXSourcesBuildPhase;
			buildActionMask = 2147483647;
			files = (
				12C1FD7A23B485D3008084F8 /* Utility.swift in Sources */,
				12C1FD8323B485D3008084F8 /* EVModelModified.swift in Sources */,
				12C1FD8623B485D3008084F8 /* SimpleItemClickDelegate.swift in Sources */,
				12C1FD9723B4884A008084F8 /* CustomPointAnnotation.swift in Sources */,
				12C1FD9923B4884A008084F8 /* NoInternetView.swift in Sources */,
				12C1FD8923B485D3008084F8 /* VenueCell.swift in Sources */,
				12C1FD8723B485D3008084F8 /* HomeViewController.swift in Sources */,
				12C1FD9C23B48AF9008084F8 /* Fonts.swift in Sources */,
				12C1FD1C23B481B5008084F8 /* ViewController.swift in Sources */,
				12C1FD8023B485D3008084F8 /* SSError.swift in Sources */,
				12C1FD8223B485D3008084F8 /* PhotosResponse.swift in Sources */,
				12C1FD8523B485D3008084F8 /* BaseViewController.swift in Sources */,
				12C1FD7C23B485D3008084F8 /* APIConstant.swift in Sources */,
				12C1FD1A23B481B5008084F8 /* AppDelegate.swift in Sources */,
				12C1FD7F23B485D3008084F8 /* NearByClientAPI.swift in Sources */,
				12C1FD7923B485D3008084F8 /* Constants.swift in Sources */,
				12C1FD8423B485D3008084F8 /* BaseImageViewWithData.swift in Sources */,
				12C1FD7B23B485D3008084F8 /* VVBaseUserDefaults.swift in Sources */,
				12C1FD7D23B485D3008084F8 /* BaseAPI.swift in Sources */,
				12C1FD7E23B485D3008084F8 /* BaseRestAPI.swift in Sources */,
				12C1FD8123B485D3008084F8 /* NearByPlacesResponse.swift in Sources */,
			);
			runOnlyForDeploymentPostprocessing = 0;
		};
		12C1FD2623B481B6008084F8 /* Sources */ = {
			isa = PBXSourcesBuildPhase;
			buildActionMask = 2147483647;
			files = (
				12C1FD2F23B481B6008084F8 /* NearByAppTests.swift in Sources */,
			);
			runOnlyForDeploymentPostprocessing = 0;
		};
		12C1FD3123B481B6008084F8 /* Sources */ = {
			isa = PBXSourcesBuildPhase;
			buildActionMask = 2147483647;
			files = (
				12C1FD3A23B481B6008084F8 /* NearByAppUITests.swift in Sources */,
			);
			runOnlyForDeploymentPostprocessing = 0;
		};
/* End PBXSourcesBuildPhase section */

/* Begin PBXTargetDependency section */
		12C1FD2C23B481B6008084F8 /* PBXTargetDependency */ = {
			isa = PBXTargetDependency;
			target = 12C1FD1523B481B4008084F8 /* NearByApp */;
			targetProxy = 12C1FD2B23B481B6008084F8 /* PBXContainerItemProxy */;
		};
		12C1FD3723B481B6008084F8 /* PBXTargetDependency */ = {
			isa = PBXTargetDependency;
			target = 12C1FD1523B481B4008084F8 /* NearByApp */;
			targetProxy = 12C1FD3623B481B6008084F8 /* PBXContainerItemProxy */;
		};
/* End PBXTargetDependency section */

/* Begin PBXVariantGroup section */
		12C1FD1D23B481B5008084F8 /* Main.storyboard */ = {
			isa = PBXVariantGroup;
			children = (
				12C1FD1E23B481B5008084F8 /* Base */,
			);
			name = Main.storyboard;
			sourceTree = "<group>";
		};
		12C1FD2223B481B6008084F8 /* LaunchScreen.storyboard */ = {
			isa = PBXVariantGroup;
			children = (
				12C1FD2323B481B6008084F8 /* Base */,
			);
			name = LaunchScreen.storyboard;
			sourceTree = "<group>";
		};
/* End PBXVariantGroup section */

/* Begin XCBuildConfiguration section */
		12C1FD3C23B481B6008084F8 /* Debug */ = {
			isa = XCBuildConfiguration;
			buildSettings = {
				ALWAYS_SEARCH_USER_PATHS = NO;
				CLANG_ANALYZER_NONNULL = YES;
				CLANG_ANALYZER_NUMBER_OBJECT_CONVERSION = YES_AGGRESSIVE;
				CLANG_CXX_LANGUAGE_STANDARD = "gnu++14";
				CLANG_CXX_LIBRARY = "libc++";
				CLANG_ENABLE_MODULES = YES;
				CLANG_ENABLE_OBJC_ARC = YES;
				CLANG_ENABLE_OBJC_WEAK = YES;
				CLANG_WARN_BLOCK_CAPTURE_AUTORELEASING = YES;
				CLANG_WARN_BOOL_CONVERSION = YES;
				CLANG_WARN_COMMA = YES;
				CLANG_WARN_CONSTANT_CONVERSION = YES;
				CLANG_WARN_DEPRECATED_OBJC_IMPLEMENTATIONS = YES;
				CLANG_WARN_DIRECT_OBJC_ISA_USAGE = YES_ERROR;
				CLANG_WARN_DOCUMENTATION_COMMENTS = YES;
				CLANG_WARN_EMPTY_BODY = YES;
				CLANG_WARN_ENUM_CONVERSION = YES;
				CLANG_WARN_INFINITE_RECURSION = YES;
				CLANG_WARN_INT_CONVERSION = YES;
				CLANG_WARN_NON_LITERAL_NULL_CONVERSION = YES;
				CLANG_WARN_OBJC_IMPLICIT_RETAIN_SELF = YES;
				CLANG_WARN_OBJC_LITERAL_CONVERSION = YES;
				CLANG_WARN_OBJC_ROOT_CLASS = YES_ERROR;
				CLANG_WARN_RANGE_LOOP_ANALYSIS = YES;
				CLANG_WARN_STRICT_PROTOTYPES = YES;
				CLANG_WARN_SUSPICIOUS_MOVE = YES;
				CLANG_WARN_UNGUARDED_AVAILABILITY = YES_AGGRESSIVE;
				CLANG_WARN_UNREACHABLE_CODE = YES;
				CLANG_WARN__DUPLICATE_METHOD_MATCH = YES;
				CODE_SIGN_IDENTITY = "iPhone Developer";
				COPY_PHASE_STRIP = NO;
				DEBUG_INFORMATION_FORMAT = dwarf;
				ENABLE_STRICT_OBJC_MSGSEND = YES;
				ENABLE_TESTABILITY = YES;
				GCC_C_LANGUAGE_STANDARD = gnu11;
				GCC_DYNAMIC_NO_PIC = NO;
				GCC_NO_COMMON_BLOCKS = YES;
				GCC_OPTIMIZATION_LEVEL = 0;
				GCC_PREPROCESSOR_DEFINITIONS = (
					"DEBUG=1",
					"$(inherited)",
				);
				GCC_WARN_64_TO_32_BIT_CONVERSION = YES;
				GCC_WARN_ABOUT_RETURN_TYPE = YES_ERROR;
				GCC_WARN_UNDECLARED_SELECTOR = YES;
				GCC_WARN_UNINITIALIZED_AUTOS = YES_AGGRESSIVE;
				GCC_WARN_UNUSED_FUNCTION = YES;
				GCC_WARN_UNUSED_VARIABLE = YES;
				IPHONEOS_DEPLOYMENT_TARGET = 12.2;
				MTL_ENABLE_DEBUG_INFO = INCLUDE_SOURCE;
				MTL_FAST_MATH = YES;
				ONLY_ACTIVE_ARCH = YES;
				SDKROOT = iphoneos;
				SWIFT_ACTIVE_COMPILATION_CONDITIONS = DEBUG;
				SWIFT_OPTIMIZATION_LEVEL = "-Onone";
			};
			name = Debug;
		};
		12C1FD3D23B481B6008084F8 /* Release */ = {
			isa = XCBuildConfiguration;
			buildSettings = {
				ALWAYS_SEARCH_USER_PATHS = NO;
				CLANG_ANALYZER_NONNULL = YES;
				CLANG_ANALYZER_NUMBER_OBJECT_CONVERSION = YES_AGGRESSIVE;
				CLANG_CXX_LANGUAGE_STANDARD = "gnu++14";
				CLANG_CXX_LIBRARY = "libc++";
				CLANG_ENABLE_MODULES = YES;
				CLANG_ENABLE_OBJC_ARC = YES;
				CLANG_ENABLE_OBJC_WEAK = YES;
				CLANG_WARN_BLOCK_CAPTURE_AUTORELEASING = YES;
				CLANG_WARN_BOOL_CONVERSION = YES;
				CLANG_WARN_COMMA = YES;
				CLANG_WARN_CONSTANT_CONVERSION = YES;
				CLANG_WARN_DEPRECATED_OBJC_IMPLEMENTATIONS = YES;
				CLANG_WARN_DIRECT_OBJC_ISA_USAGE = YES_ERROR;
				CLANG_WARN_DOCUMENTATION_COMMENTS = YES;
				CLANG_WARN_EMPTY_BODY = YES;
				CLANG_WARN_ENUM_CONVERSION = YES;
				CLANG_WARN_INFINITE_RECURSION = YES;
				CLANG_WARN_INT_CONVERSION = YES;
				CLANG_WARN_NON_LITERAL_NULL_CONVERSION = YES;
				CLANG_WARN_OBJC_IMPLICIT_RETAIN_SELF = YES;
				CLANG_WARN_OBJC_LITERAL_CONVERSION = YES;
				CLANG_WARN_OBJC_ROOT_CLASS = YES_ERROR;
				CLANG_WARN_RANGE_LOOP_ANALYSIS = YES;
				CLANG_WARN_STRICT_PROTOTYPES = YES;
				CLANG_WARN_SUSPICIOUS_MOVE = YES;
				CLANG_WARN_UNGUARDED_AVAILABILITY = YES_AGGRESSIVE;
				CLANG_WARN_UNREACHABLE_CODE = YES;
				CLANG_WARN__DUPLICATE_METHOD_MATCH = YES;
				CODE_SIGN_IDENTITY = "iPhone Developer";
				COPY_PHASE_STRIP = NO;
				DEBUG_INFORMATION_FORMAT = "dwarf-with-dsym";
				ENABLE_NS_ASSERTIONS = NO;
				ENABLE_STRICT_OBJC_MSGSEND = YES;
				GCC_C_LANGUAGE_STANDARD = gnu11;
				GCC_NO_COMMON_BLOCKS = YES;
				GCC_WARN_64_TO_32_BIT_CONVERSION = YES;
				GCC_WARN_ABOUT_RETURN_TYPE = YES_ERROR;
				GCC_WARN_UNDECLARED_SELECTOR = YES;
				GCC_WARN_UNINITIALIZED_AUTOS = YES_AGGRESSIVE;
				GCC_WARN_UNUSED_FUNCTION = YES;
				GCC_WARN_UNUSED_VARIABLE = YES;
				IPHONEOS_DEPLOYMENT_TARGET = 12.2;
				MTL_ENABLE_DEBUG_INFO = NO;
				MTL_FAST_MATH = YES;
				SDKROOT = iphoneos;
				SWIFT_COMPILATION_MODE = wholemodule;
				SWIFT_OPTIMIZATION_LEVEL = "-O";
				VALIDATE_PRODUCT = YES;
			};
			name = Release;
		};
		12C1FD3F23B481B6008084F8 /* Debug */ = {
			isa = XCBuildConfiguration;
			baseConfigurationReference = 7C34A8FF63A54CCBF1C08346 /* Pods-NearByApp.debug.xcconfig */;
			buildSettings = {
				ASSETCATALOG_COMPILER_APPICON_NAME = AppIcon;
				CODE_SIGN_STYLE = Automatic;
				INFOPLIST_FILE = NearByApp/Info.plist;
				LD_RUNPATH_SEARCH_PATHS = (
					"$(inherited)",
					"@executable_path/Frameworks",
				);
				PRODUCT_BUNDLE_IDENTIFIER = abualgait.NearByApp;
				PRODUCT_NAME = "$(TARGET_NAME)";
				SWIFT_VERSION = 5.0;
				TARGETED_DEVICE_FAMILY = "1,2";
			};
			name = Debug;
		};
		12C1FD4023B481B6008084F8 /* Release */ = {
			isa = XCBuildConfiguration;
			baseConfigurationReference = 40FDCB9B5043BEF006111F43 /* Pods-NearByApp.release.xcconfig */;
			buildSettings = {
				ASSETCATALOG_COMPILER_APPICON_NAME = AppIcon;
				CODE_SIGN_STYLE = Automatic;
				INFOPLIST_FILE = NearByApp/Info.plist;
				LD_RUNPATH_SEARCH_PATHS = (
					"$(inherited)",
					"@executable_path/Frameworks",
				);
				PRODUCT_BUNDLE_IDENTIFIER = abualgait.NearByApp;
				PRODUCT_NAME = "$(TARGET_NAME)";
				SWIFT_VERSION = 5.0;
				TARGETED_DEVICE_FAMILY = "1,2";
			};
			name = Release;
		};
		12C1FD4223B481B6008084F8 /* Debug */ = {
			isa = XCBuildConfiguration;
			buildSettings = {
				ALWAYS_EMBED_SWIFT_STANDARD_LIBRARIES = YES;
				BUNDLE_LOADER = "$(TEST_HOST)";
				CODE_SIGN_STYLE = Automatic;
				INFOPLIST_FILE = NearByAppTests/Info.plist;
				LD_RUNPATH_SEARCH_PATHS = (
					"$(inherited)",
					"@executable_path/Frameworks",
					"@loader_path/Frameworks",
				);
				PRODUCT_BUNDLE_IDENTIFIER = abualgait.NearByAppTests;
				PRODUCT_NAME = "$(TARGET_NAME)";
				SWIFT_VERSION = 5.0;
				TARGETED_DEVICE_FAMILY = "1,2";
				TEST_HOST = "$(BUILT_PRODUCTS_DIR)/NearByApp.app/NearByApp";
			};
			name = Debug;
		};
		12C1FD4323B481B6008084F8 /* Release */ = {
			isa = XCBuildConfiguration;
			buildSettings = {
				ALWAYS_EMBED_SWIFT_STANDARD_LIBRARIES = YES;
				BUNDLE_LOADER = "$(TEST_HOST)";
				CODE_SIGN_STYLE = Automatic;
				INFOPLIST_FILE = NearByAppTests/Info.plist;
				LD_RUNPATH_SEARCH_PATHS = (
					"$(inherited)",
					"@executable_path/Frameworks",
					"@loader_path/Frameworks",
				);
				PRODUCT_BUNDLE_IDENTIFIER = abualgait.NearByAppTests;
				PRODUCT_NAME = "$(TARGET_NAME)";
				SWIFT_VERSION = 5.0;
				TARGETED_DEVICE_FAMILY = "1,2";
				TEST_HOST = "$(BUILT_PRODUCTS_DIR)/NearByApp.app/NearByApp";
			};
			name = Release;
		};
		12C1FD4523B481B6008084F8 /* Debug */ = {
			isa = XCBuildConfiguration;
			buildSettings = {
				ALWAYS_EMBED_SWIFT_STANDARD_LIBRARIES = YES;
				CODE_SIGN_STYLE = Automatic;
				INFOPLIST_FILE = NearByAppUITests/Info.plist;
				LD_RUNPATH_SEARCH_PATHS = (
					"$(inherited)",
					"@executable_path/Frameworks",
					"@loader_path/Frameworks",
				);
				PRODUCT_BUNDLE_IDENTIFIER = abualgait.NearByAppUITests;
				PRODUCT_NAME = "$(TARGET_NAME)";
				SWIFT_VERSION = 5.0;
				TARGETED_DEVICE_FAMILY = "1,2";
				TEST_TARGET_NAME = NearByApp;
			};
			name = Debug;
		};
		12C1FD4623B481B6008084F8 /* Release */ = {
			isa = XCBuildConfiguration;
			buildSettings = {
				ALWAYS_EMBED_SWIFT_STANDARD_LIBRARIES = YES;
				CODE_SIGN_STYLE = Automatic;
				INFOPLIST_FILE = NearByAppUITests/Info.plist;
				LD_RUNPATH_SEARCH_PATHS = (
					"$(inherited)",
					"@executable_path/Frameworks",
					"@loader_path/Frameworks",
				);
				PRODUCT_BUNDLE_IDENTIFIER = abualgait.NearByAppUITests;
				PRODUCT_NAME = "$(TARGET_NAME)";
				SWIFT_VERSION = 5.0;
				TARGETED_DEVICE_FAMILY = "1,2";
				TEST_TARGET_NAME = NearByApp;
			};
			name = Release;
		};
/* End XCBuildConfiguration section */

/* Begin XCConfigurationList section */
		12C1FD1123B481B4008084F8 /* Build configuration list for PBXProject "NearByApp" */ = {
			isa = XCConfigurationList;
			buildConfigurations = (
				12C1FD3C23B481B6008084F8 /* Debug */,
				12C1FD3D23B481B6008084F8 /* Release */,
			);
			defaultConfigurationIsVisible = 0;
			defaultConfigurationName = Release;
		};
		12C1FD3E23B481B6008084F8 /* Build configuration list for PBXNativeTarget "NearByApp" */ = {
			isa = XCConfigurationList;
			buildConfigurations = (
				12C1FD3F23B481B6008084F8 /* Debug */,
				12C1FD4023B481B6008084F8 /* Release */,
			);
			defaultConfigurationIsVisible = 0;
			defaultConfigurationName = Release;
		};
		12C1FD4123B481B6008084F8 /* Build configuration list for PBXNativeTarget "NearByAppTests" */ = {
			isa = XCConfigurationList;
			buildConfigurations = (
				12C1FD4223B481B6008084F8 /* Debug */,
				12C1FD4323B481B6008084F8 /* Release */,
			);
			defaultConfigurationIsVisible = 0;
			defaultConfigurationName = Release;
		};
		12C1FD4423B481B6008084F8 /* Build configuration list for PBXNativeTarget "NearByAppUITests" */ = {
			isa = XCConfigurationList;
			buildConfigurations = (
				12C1FD4523B481B6008084F8 /* Debug */,
				12C1FD4623B481B6008084F8 /* Release */,
			);
			defaultConfigurationIsVisible = 0;
			defaultConfigurationName = Release;
		};
/* End XCConfigurationList section */
	};
	rootObject = 12C1FD0E23B481B4008084F8 /* Project object */;
}
